# First-stage deployment versions
# Images are pinned to the linux/amd64 manifest digest, not a floating tag.

COUCHDB_VERSION=3.5.2.1
COUCHDB_IMAGE=couchdb:3.5.2.1@sha256:199ff89f9a930df6032a216570ae0169fcc36c449bb02b40fafeb6efecdb606f

LIVESYNC_VERSION=1.0.30
LIVESYNC_COMMIT=ae264c3383ef0175cd1230c81df44e36793e9355
LIVESYNC_SOURCE_SHA256=377534bf9aa97feb4bf40f9bae6699bab4be09b20bd318065877507dd06eda28
LIVESYNC_IMAGE=obsidiansb/livesync-cli:1.0.30
LIVESYNC_PLUGIN_MANIFEST_SHA256=f243c4c5cc1e59b26d10c0acdac8deb529fbd3e120e490451d138dfe56f1e113
LIVESYNC_PLUGIN_MAIN_SHA256=5b2050ee41059aeef2ad131f7fa4dd88194c5a15fa402c414312375308ab4f04
LIVESYNC_PLUGIN_STYLES_SHA256=4ba00bef417ee98d9a62dd9febb792dc6555949cfc9e8e069450ad699ab2b9f0

NODE_BASE_IMAGE=node:22-slim@sha256:4d676821dff059fd00d277ee4261ef34ea712317fed0737c03941481b5760c96

GIT_IMAGE=alpine/git:2.49.1@sha256:53a6239398162098fed2f49a46512f9cbba9e3f31b9f2cea4fa90129ee069a99

COMPOSE_VERSION=5.5.1
COMPOSE_LINUX_X86_64_SHA256=db1889184726840f75c4f9c001048430d4f25b3be3cb084d3ddd762bc0aed576

# Second-stage interactive agent versions
OPENCODE_VERSION=2.0.7
OPENCODE_IMAGE_AMD64=ghcr.io/anomalyco/opencode:2.0.7@sha256:d2c7ddda8142b47942426972fcee07f56ecde762ac7f528c5e53c2f957aabc05
BRAIN_AGENT_VERSION=0.1.0
BRAIN_AGENT_IMAGE=obsidiansb/brain-agent:0.1.0
DEEPSEEK_MODEL=deepseek-flash
OBSIDIAN_SKILLS_COMMIT=3ccff5338ea700537839b21900aa5358a0402c98
